// !$*UTF8*$!
{
	archiveVersion = 1;
	classes = {
	};
	objectVersion = 77;
	objects = {

/* Begin PBXBuildFile section */
		2B8A822E2E8EDAF80032950E /* RevenueCat in Frameworks */ = {isa = PBXBuildFile; productRef = 2B8A822D2E8EDAF80032950E /* RevenueCat */; };
/* End PBXBuildFile section */

/* Begin PBXContainerItemProxy section */
		405802DF2E4C31D7001D642B /* PBXContainerItemProxy */ = {
			isa = PBXContainerItemProxy;
			containerPortal = 405802C92E4C31D6001D642B /* Project object */;
			proxyType = 1;
			remoteGlobalIDString = 405802D02E4C31D6001D642B;
			remoteInfo = ERA;
		};
		405802E92E4C31D7001D642B /* PBXContainerItemProxy */ = {
			isa = PBXContainerItemProxy;
			containerPortal = 405802C92E4C31D6001D642B /* Project object */;
			proxyType = 1;
			remoteGlobalIDString = 405802D02E4C31D6001D642B;
			remoteInfo = ERA;
		};
/* End PBXContainerItemProxy section */

/* Begin PBXFileReference section */
		405802D12E4C31D6001D642B /* ERA.app */ = {isa = PBXFileReference; explicitFileType = wrapper.application; includeInIndex = 0; path = ERA.app; sourceTree = BUILT_PRODUCTS_DIR; };
		405802DE2E4C31D7001D642B /* ERATests.xctest */ = {isa = PBXFileReference; explicitFileType = wrapper.cfbundle; includeInIndex = 0; path = ERATests.xctest; sourceTree = BUILT_PRODUCTS_DIR; };
		405802E82E4C31D7001D642B /* ERAUITests.xctest */ = {isa = PBXFileReference; explicitFileType = wrapper.cfbundle; includeInIndex = 0; path = ERAUITests.xctest; sourceTree = BUILT_PRODUCTS_DIR; };
/* End PBXFileReference section */

/* Begin PBXFileSystemSynchronizedBuildFileExceptionSet section */
		401EF1F72E551434007E28FA /* Exceptions for "ERA" folder in "ERATests" target */ = {
			isa = PBXFileSystemSynchronizedBuildFileExceptionSet;
			membershipExceptions = (
				Assets.xcassets,
				EraModel.xcdatamodeld,
				OnboardingOneView.swift,
				OnboardingTwoView.swift,
			);
			target = 405802DD2E4C31D7001D642B /* ERATests */;
		};
		401EF1F82E551434007E28FA /* Exceptions for "ERA" folder in "ERAUITests" target */ = {
			isa = PBXFileSystemSynchronizedBuildFileExceptionSet;
			membershipExceptions = (
				Assets.xcassets,
				EraModel.xcdatamodeld,
				OnboardingOneView.swift,
				OnboardingTwoView.swift,
			);
			target = 405802E72E4C31D7001D642B /* ERAUITests */;
		};
/* End PBXFileSystemSynchronizedBuildFileExceptionSet section */

/* Begin PBXFileSystemSynchronizedRootGroup section */
		405802D32E4C31D6001D642B /* ERA */ = {
			isa = PBXFileSystemSynchronizedRootGroup;
			exceptions = (
				401EF1F72E551434007E28FA /* Exceptions for "ERA" folder in "ERATests" target */,
				401EF1F82E551434007E28FA /* Exceptions for "ERA" folder in "ERAUITests" target */,
			);
			path = ERA;
			sourceTree = "<group>";
		};
		405802E12E4C31D7001D642B /* ERATests */ = {
			isa = PBXFileSystemSynchronizedRootGroup;
			path = ERATests;
			sourceTree = "<group>";
		};
		405802EB2E4C31D7001D642B /* ERAUITests */ = {
			isa = PBXFileSystemSynchronizedRootGroup;
			path = ERAUITests;
			sourceTree = "<group>";
		};
/* End PBXFileSystemSynchronizedRootGroup section */

/* Begin PBXFrameworksBuildPhase section */
		405802CE2E4C31D6001D642B /* Frameworks */ = {
			isa = PBXFrameworksBuildPhase;
			buildActionMask = 2147483647;
			files = (
				2B8A822E2E8EDAF80032950E /* RevenueCat in Frameworks */,
			);
			runOnlyForDeploymentPostprocessing = 0;
		};
		405802DB2E4C31D7001D642B /* Frameworks */ = {
			isa = PBXFrameworksBuildPhase;
			buildActionMask = 2147483647;
			files = (
			);
			runOnlyForDeploymentPostprocessing = 0;
		};
		405802E52E4C31D7001D642B /* Frameworks */ = {
			isa = PBXFrameworksBuildPhase;
			buildActionMask = 2147483647;
			files = (
			);
			runOnlyForDeploymentPostprocessing = 0;
		};
/* End PBXFrameworksBuildPhase section */

/* Begin PBXGroup section */
		405802C82E4C31D6001D642B = {
			isa = PBXGroup;
			children = (
				405802D32E4C31D6001D642B /* ERA */,
				405802E12E4C31D7001D642B /* ERATests */,
				405802EB2E4C31D7001D642B /* ERAUITests */,
				405802D22E4C31D6001D642B /* Products */,
			);
			sourceTree = "<group>";
		};
		405802D22E4C31D6001D642B /* Products */ = {
			isa = PBXGroup;
			children = (
				405802D12E4C31D6001D642B /* ERA.app */,
				405802DE2E4C31D7001D642B /* ERATests.xctest */,
				405802E82E4C31D7001D642B /* ERAUITests.xctest */,
			);
			name = Products;
			sourceTree = "<group>";
		};
/* End PBXGroup section */

/* Begin PBXNativeTarget section */
		405802D02E4C31D6001D642B /* ERA */ = {
			isa = PBXNativeTarget;
			buildConfigurationList = 405802F22E4C31D7001D642B /* Build configuration list for PBXNativeTarget "ERA" */;
			buildPhases = (
				405802CD2E4C31D6001D642B /* Sources */,
				405802CE2E4C31D6001D642B /* Frameworks */,
				405802CF2E4C31D6001D642B /* Resources */,
			);
			buildRules = (
			);
			dependencies = (
			);
			fileSystemSynchronizedGroups = (
				405802D32E4C31D6001D642B /* ERA */,
			);
			name = ERA;
			packageProductDependencies = (
				2B8A822D2E8EDAF80032950E /* RevenueCat */,
			);
			productName = ERA;
			productReference = 405802D12E4C31D6001D642B /* ERA.app */;
			productType = "com.apple.product-type.application";
		};
		405802DD2E4C31D7001D642B /* ERATests */ = {
			isa = PBXNativeTarget;
			buildConfigurationList = 405802F52E4C31D7001D642B /* Build configuration list for PBXNativeTarget "ERATests" */;
			buildPhases = (
				405802DA2E4C31D7001D642B /* Sources */,
				405802DB2E4C31D7001D642B /* Frameworks */,
				405802DC2E4C31D7001D642B /* Resources */,
			);
			buildRules = (
			);
			dependencies = (
				405802E02E4C31D7001D642B /* PBXTargetDependency */,
			);
			fileSystemSynchronizedGroups = (
				405802E12E4C31D7001D642B /* ERATests */,
			);
			name = ERATests;
			packageProductDependencies = (
			);
			productName = ERATests;
			productReference = 405802DE2E4C31D7001D642B /* ERATests.xctest */;
			productType = "com.apple.product-type.bundle.unit-test";
		};
		405802E72E4C31D7001D642B /* ERAUITests */ = {
			isa = PBXNativeTarget;
			buildConfigurationList = 405802F82E4C31D7001D642B /* Build configuration list for PBXNativeTarget "ERAUITests" */;
			buildPhases = (
				405802E42E4C31D7001D642B /* Sources */,
				405802E52E4C31D7001D642B /* Frameworks */,
				405802E62E4C31D7001D642B /* Resources */,
			);
			buildRules = (
			);
			dependencies = (
				405802EA2E4C31D7001D642B /* PBXTargetDependency */,
			);
			fileSystemSynchronizedGroups = (
				405802EB2E4C31D7001D642B /* ERAUITests */,
			);
			name = ERAUITests;
			packageProductDependencies = (
			);
			productName = ERAUITests;
			productReference = 405802E82E4C31D7001D642B /* ERAUITests.xctest */;
			productType = "com.apple.product-type.bundle.ui-testing";
		};
/* End PBXNativeTarget section */

/* Begin PBXProject section */
		405802C92E4C31D6001D642B /* Project object */ = {
			isa = PBXProject;
			attributes = {
				BuildIndependentTargetsInParallel = 1;
				LastSwiftUpdateCheck = 1640;
				LastUpgradeCheck = 1640;
				TargetAttributes = {
					405802D02E4C31D6001D642B = {
						CreatedOnToolsVersion = 16.4;
					};
					405802DD2E4C31D7001D642B = {
						CreatedOnToolsVersion = 16.4;
						TestTargetID = 405802D02E4C31D6001D642B;
					};
					405802E72E4C31D7001D642B = {
						CreatedOnToolsVersion = 16.4;
						TestTargetID = 405802D02E4C31D6001D642B;
					};
				};
			};
			buildConfigurationList = 405802CC2E4C31D6001D642B /* Build configuration list for PBXProject "ERA" */;
			developmentRegion = en;
			hasScannedForEncodings = 0;
			knownRegions = (
				en,
				Base,
			);
			mainGroup = 405802C82E4C31D6001D642B;
			minimizedProjectReferenceProxies = 1;
			packageReferences = (
				2B8A822C2E8EDAF80032950E /* XCRemoteSwiftPackageReference "purchases-ios" */,
			);
			preferredProjectObjectVersion = 77;
			productRefGroup = 405802D22E4C31D6001D642B /* Products */;
			projectDirPath = "";
			projectRoot = "";
			targets = (
				405802D02E4C31D6001D642B /* ERA */,
				405802DD2E4C31D7001D642B /* ERATests */,
				405802E72E4C31D7001D642B /* ERAUITests */,
			);
		};
/* End PBXProject section */

/* Begin PBXResourcesBuildPhase section */
		405802CF2E4C31D6001D642B /* Resources */ = {
			isa = PBXResourcesBuildPhase;
			buildActionMask = 2147483647;
			files = (
			);
			runOnlyForDeploymentPostprocessing = 0;
		};
		405802DC2E4C31D7001D642B /* Resources */ = {
			isa = PBXResourcesBuildPhase;
			buildActionMask = 2147483647;
			files = (
			);
			runOnlyForDeploymentPostprocessing = 0;
		};
		405802E62E4C31D7001D642B /* Resources */ = {
			isa = PBXResourcesBuildPhase;
			buildActionMask = 2147483647;
			files = (
			);
			runOnlyForDeploymentPostprocessing = 0;
		};
/* End PBXResourcesBuildPhase section */

/* Begin PBXSourcesBuildPhase section */
		405802CD2E4C31D6001D642B /* Sources */ = {
			isa = PBXSourcesBuildPhase;
			buildActionMask = 2147483647;
			files = (
			);
			runOnlyForDeploymentPostprocessing = 0;
		};
		405802DA2E4C31D7001D642B /* Sources */ = {
			isa = PBXSourcesBuildPhase;
			buildActionMask = 2147483647;
			files = (
			);
			runOnlyForDeploymentPostprocessing = 0;
		};
		405802E42E4C31D7001D642B /* Sources */ = {
			isa = PBXSourcesBuildPhase;
			buildActionMask = 2147483647;
			files = (
			);
			runOnlyForDeploymentPostprocessing = 0;
		};
/* End PBXSourcesBuildPhase section */

/* Begin PBXTargetDependency section */
		405802E02E4C31D7001D642B /* PBXTargetDependency */ = {
			isa = PBXTargetDependency;
			target = 405802D02E4C31D6001D642B /* ERA */;
			targetProxy = 405802DF2E4C31D7001D642B /* PBXContainerItemProxy */;
		};
		405802EA2E4C31D7001D642B /* PBXTargetDependency */ = {
			isa = PBXTargetDependency;
			target = 405802D02E4C31D6001D642B /* ERA */;
			targetProxy = 405802E92E4C31D7001D642B /* PBXContainerItemProxy */;
		};
/* End PBXTargetDependency section */

/* Begin XCBuildConfiguration section */
		405802F02E4C31D7001D642B /* Debug */ = {
			isa = XCBuildConfiguration;
			buildSettings = {
				ALWAYS_SEARCH_USER_PATHS = NO;
				ASSETCATALOG_COMPILER_GENERATE_SWIFT_ASSET_SYMBOL_EXTENSIONS = YES;
				CLANG_ANALYZER_NONNULL = YES;
				CLANG_ANALYZER_NUMBER_OBJECT_CONVERSION = YES_AGGRESSIVE;
				CLANG_CXX_LANGUAGE_STANDARD = "gnu++20";
				CLANG_ENABLE_MODULES = YES;
				CLANG_ENABLE_OBJC_ARC = YES;
				CLANG_ENABLE_OBJC_WEAK = YES;
				CLANG_WARN_BLOCK_CAPTURE_AUTORELEASING = YES;
				CLANG_WARN_BOOL_CONVERSION = YES;
				CLANG_WARN_COMMA = YES;
				CLANG_WARN_CONSTANT_CONVERSION = YES;
				CLANG_WARN_DEPRECATED_OBJC_IMPLEMENTATIONS = YES;
				CLANG_WARN_DIRECT_OBJC_ISA_USAGE = YES_ERROR;
				CLANG_WARN_DOCUMENTATION_COMMENTS = YES;
				CLANG_WARN_EMPTY_BODY = YES;
				CLANG_WARN_ENUM_CONVERSION = YES;
				CLANG_WARN_INFINITE_RECURSION = YES;
				CLANG_WARN_INT_CONVERSION = YES;
				CLANG_WARN_NON_LITERAL_NULL_CONVERSION = YES;
				CLANG_WARN_OBJC_IMPLICIT_RETAIN_SELF = YES;
				CLANG_WARN_OBJC_LITERAL_CONVERSION = YES;
				CLANG_WARN_OBJC_ROOT_CLASS = YES_ERROR;
				CLANG_WARN_QUOTED_INCLUDE_IN_FRAMEWORK_HEADER = YES;
				CLANG_WARN_RANGE_LOOP_ANALYSIS = YES;
				CLANG_WARN_STRICT_PROTOTYPES = YES;
				CLANG_WARN_SUSPICIOUS_MOVE = YES;
				CLANG_WARN_UNGUARDED_AVAILABILITY = YES_AGGRESSIVE;
				CLANG_WARN_UNREACHABLE_CODE = YES;
				CLANG_WARN__DUPLICATE_METHOD_MATCH = YES;
				COPY_PHASE_STRIP = NO;
				DEBUG_INFORMATION_FORMAT = dwarf;
				DEVELOPMENT_TEAM = N7AL96QZCQ;
				ENABLE_STRICT_OBJC_MSGSEND = YES;
				ENABLE_TESTABILITY = YES;
				ENABLE_USER_SCRIPT_SANDBOXING = YES;
				GCC_C_LANGUAGE_STANDARD = gnu17;
				GCC_DYNAMIC_NO_PIC = NO;
				GCC_NO_COMMON_BLOCKS = YES;
				GCC_OPTIMIZATION_LEVEL = 0;
				GCC_PREPROCESSOR_DEFINITIONS = (
					"DEBUG=1",
					"$(inherited)",
				);
				GCC_WARN_64_TO_32_BIT_CONVERSION = YES;
				GCC_WARN_ABOUT_RETURN_TYPE = YES_ERROR;
				GCC_WARN_UNDECLARED_SELECTOR = YES;
				GCC_WARN_UNINITIALIZED_AUTOS = YES_AGGRESSIVE;
				GCC_WARN_UNUSED_FUNCTION = YES;
				GCC_WARN_UNUSED_VARIABLE = YES;
				IPHONEOS_DEPLOYMENT_TARGET = 18.5;
				LOCALIZATION_PREFERS_STRING_CATALOGS = YES;
				MTL_ENABLE_DEBUG_INFO = INCLUDE_SOURCE;
				MTL_FAST_MATH = YES;
				ONLY_ACTIVE_ARCH = YES;
				SDKROOT = iphoneos;
				SWIFT_ACTIVE_COMPILATION_CONDITIONS = "DEBUG $(inherited)";
				SWIFT_OPTIMIZATION_LEVEL = "-Onone";
			};
			name = Debug;
		};
		405802F12E4C31D7001D642B /* Release */ = {
			isa = XCBuildConfiguration;
			buildSettings = {
				ALWAYS_SEARCH_USER_PATHS = NO;
				ASSETCATALOG_COMPILER_GENERATE_SWIFT_ASSET_SYMBOL_EXTENSIONS = YES;
				CLANG_ANALYZER_NONNULL = YES;
				CLANG_ANALYZER_NUMBER_OBJECT_CONVERSION = YES_AGGRESSIVE;
				CLANG_CXX_LANGUAGE_STANDARD = "gnu++20";
				CLANG_ENABLE_MODULES = YES;
				CLANG_ENABLE_OBJC_ARC = YES;
				CLANG_ENABLE_OBJC_WEAK = YES;
				CLANG_WARN_BLOCK_CAPTURE_AUTORELEASING = YES;
				CLANG_WARN_BOOL_CONVERSION = YES;
				CLANG_WARN_COMMA = YES;
				CLANG_WARN_CONSTANT_CONVERSION = YES;
				CLANG_WARN_DEPRECATED_OBJC_IMPLEMENTATIONS = YES;
				CLANG_WARN_DIRECT_OBJC_ISA_USAGE = YES_ERROR;
				CLANG_WARN_DOCUMENTATION_COMMENTS = YES;
				CLANG_WARN_EMPTY_BODY = YES;
				CLANG_WARN_ENUM_CONVERSION = YES;
				CLANG_WARN_INFINITE_RECURSION = YES;
				CLANG_WARN_INT_CONVERSION = YES;
				CLANG_WARN_NON_LITERAL_NULL_CONVERSION = YES;
				CLANG_WARN_OBJC_IMPLICIT_RETAIN_SELF = YES;
				CLANG_WARN_OBJC_LITERAL_CONVERSION = YES;
				CLANG_WARN_OBJC_ROOT_CLASS = YES_ERROR;
				CLANG_WARN_QUOTED_INCLUDE_IN_FRAMEWORK_HEADER = YES;
				CLANG_WARN_RANGE_LOOP_ANALYSIS = YES;
				CLANG_WARN_STRICT_PROTOTYPES = YES;
				CLANG_WARN_SUSPICIOUS_MOVE = YES;
				CLANG_WARN_UNGUARDED_AVAILABILITY = YES_AGGRESSIVE;
				CLANG_WARN_UNREACHABLE_CODE = YES;
				CLANG_WARN__DUPLICATE_METHOD_MATCH = YES;
				COPY_PHASE_STRIP = NO;
				DEBUG_INFORMATION_FORMAT = "dwarf-with-dsym";
				DEVELOPMENT_TEAM = N7AL96QZCQ;
				ENABLE_NS_ASSERTIONS = NO;
				ENABLE_STRICT_OBJC_MSGSEND = YES;
				ENABLE_USER_SCRIPT_SANDBOXING = YES;
				GCC_C_LANGUAGE_STANDARD = gnu17;
				GCC_NO_COMMON_BLOCKS = YES;
				GCC_WARN_64_TO_32_BIT_CONVERSION = YES;
				GCC_WARN_ABOUT_RETURN_TYPE = YES_ERROR;
				GCC_WARN_UNDECLARED_SELECTOR = YES;
				GCC_WARN_UNINITIALIZED_AUTOS = YES_AGGRESSIVE;
				GCC_WARN_UNUSED_FUNCTION = YES;
				GCC_WARN_UNUSED_VARIABLE = YES;
				IPHONEOS_DEPLOYMENT_TARGET = 18.5;
				LOCALIZATION_PREFERS_STRING_CATALOGS = YES;
				MTL_ENABLE_DEBUG_INFO = NO;
				MTL_FAST_MATH = YES;
				SDKROOT = iphoneos;
				SWIFT_COMPILATION_MODE = wholemodule;
				VALIDATE_PRODUCT = YES;
			};
			name = Release;
		};
		405802F32E4C31D7001D642B /* Debug */ = {
			isa = XCBuildConfiguration;
			buildSettings = {
				ASSETCATALOG_COMPILER_APPICON_NAME = AppIcon;
				ASSETCATALOG_COMPILER_GLOBAL_ACCENT_COLOR_NAME = AccentColor;
				CODE_SIGN_ENTITLEMENTS = ERA/ERA.entitlements;
				CODE_SIGN_STYLE = Automatic;
				CURRENT_PROJECT_VERSION = 1;
				DEVELOPMENT_TEAM = N7AL96QZCQ;
				ENABLE_PREVIEWS = YES;
				GENERATE_INFOPLIST_FILE = YES;
				INFOPLIST_KEY_LSApplicationCategoryType = "public.app-category.healthcare-fitness";
				INFOPLIST_KEY_UIApplicationSceneManifest_Generation = YES;
				INFOPLIST_KEY_UIApplicationSupportsIndirectInputEvents = YES;
				INFOPLIST_KEY_UILaunchScreen_Generation = YES;
				INFOPLIST_KEY_UISupportedInterfaceOrientations_iPad = "UIInterfaceOrientationPortrait UIInterfaceOrientationPortraitUpsideDown UIInterfaceOrientationLandscapeLeft UIInterfaceOrientationLandscapeRight";
				INFOPLIST_KEY_UISupportedInterfaceOrientations_iPhone = "UIInterfaceOrientationPortrait UIInterfaceOrientationLandscapeLeft UIInterfaceOrientationLandscapeRight";
				LD_RUNPATH_SEARCH_PATHS = (
					"$(inherited)",
					"@executable_path/Frameworks",
				);
				MARKETING_VERSION = 1.3;
				PRODUCT_BUNDLE_IDENTIFIER = saucedesigns.ERA;
				PRODUCT_NAME = "$(TARGET_NAME)";
				SWIFT_EMIT_LOC_STRINGS = YES;
				SWIFT_VERSION = 5.0;
				TARGETED_DEVICE_FAMILY = "1,2";
			};
			name = Debug;
		};
		405802F42E4C31D7001D642B /* Release */ = {
			isa = XCBuildConfiguration;
			buildSettings = {
				ASSETCATALOG_COMPILER_APPICON_NAME = AppIcon;
				ASSETCATALOG_COMPILER_GLOBAL_ACCENT_COLOR_NAME = AccentColor;
				CODE_SIGN_ENTITLEMENTS = ERA/ERA.entitlements;
				CODE_SIGN_STYLE = Automatic;
				CURRENT_PROJECT_VERSION = 1;
				DEVELOPMENT_TEAM = N7AL96QZCQ;
				ENABLE_PREVIEWS = YES;
				GENERATE_INFOPLIST_FILE = YES;
				INFOPLIST_KEY_LSApplicationCategoryType = "public.app-category.healthcare-fitness";
				INFOPLIST_KEY_UIApplicationSceneManifest_Generation = YES;
				INFOPLIST_KEY_UIApplicationSupportsIndirectInputEvents = YES;
				INFOPLIST_KEY_UILaunchScreen_Generation = YES;
				INFOPLIST_KEY_UISupportedInterfaceOrientations_iPad = "UIInterfaceOrientationPortrait UIInterfaceOrientationPortraitUpsideDown UIInterfaceOrientationLandscapeLeft UIInterfaceOrientationLandscapeRight";
				INFOPLIST_KEY_UISupportedInterfaceOrientations_iPhone = "UIInterfaceOrientationPortrait UIInterfaceOrientationLandscapeLeft UIInterfaceOrientationLandscapeRight";
				LD_RUNPATH_SEARCH_PATHS = (
					"$(inherited)",
					"@executable_path/Frameworks",
				);
				MARKETING_VERSION = 1.3;
				PRODUCT_BUNDLE_IDENTIFIER = saucedesigns.ERA;
				PRODUCT_NAME = "$(TARGET_NAME)";
				SWIFT_EMIT_LOC_STRINGS = YES;
				SWIFT_VERSION = 5.0;
				TARGETED_DEVICE_FAMILY = "1,2";
			};
			name = Release;
		};
		405802F62E4C31D7001D642B /* Debug */ = {
			isa = XCBuildConfiguration;
			buildSettings = {
				BUNDLE_LOADER = "$(TEST_HOST)";
				CODE_SIGN_STYLE = Automatic;
				CURRENT_PROJECT_VERSION = 1;
				DEVELOPMENT_TEAM = N7AL96QZCQ;
				GENERATE_INFOPLIST_FILE = YES;
				IPHONEOS_DEPLOYMENT_TARGET = 18.5;
				MARKETING_VERSION = 1.0;
				PRODUCT_BUNDLE_IDENTIFIER = saucedesigns.ERATests;
				PRODUCT_NAME = "$(TARGET_NAME)";
				SWIFT_EMIT_LOC_STRINGS = NO;
				SWIFT_VERSION = 5.0;
				TARGETED_DEVICE_FAMILY = "1,2";
				TEST_HOST = "$(BUILT_PRODUCTS_DIR)/ERA.app/$(BUNDLE_EXECUTABLE_FOLDER_PATH)/ERA";
			};
			name = Debug;
		};
		405802F72E4C31D7001D642B /* Release */ = {
			isa = XCBuildConfiguration;
			buildSettings = {
				BUNDLE_LOADER = "$(TEST_HOST)";
				CODE_SIGN_STYLE = Automatic;
				CURRENT_PROJECT_VERSION = 1;
				DEVELOPMENT_TEAM = N7AL96QZCQ;
				GENERATE_INFOPLIST_FILE = YES;
				IPHONEOS_DEPLOYMENT_TARGET = 18.5;
				MARKETING_VERSION = 1.0;
				PRODUCT_BUNDLE_IDENTIFIER = saucedesigns.ERATests;
				PRODUCT_NAME = "$(TARGET_NAME)";
				SWIFT_EMIT_LOC_STRINGS = NO;
				SWIFT_VERSION = 5.0;
				TARGETED_DEVICE_FAMILY = "1,2";
				TEST_HOST = "$(BUILT_PRODUCTS_DIR)/ERA.app/$(BUNDLE_EXECUTABLE_FOLDER_PATH)/ERA";
			};
			name = Release;
		};
		405802F92E4C31D7001D642B /* Debug */ = {
			isa = XCBuildConfiguration;
			buildSettings = {
				CODE_SIGN_STYLE = Automatic;
				CURRENT_PROJECT_VERSION = 1;
				DEVELOPMENT_TEAM = N7AL96QZCQ;
				GENERATE_INFOPLIST_FILE = YES;
				MARKETING_VERSION = 1.0;
				PRODUCT_BUNDLE_IDENTIFIER = saucedesigns.ERAUITests;
				PRODUCT_NAME = "$(TARGET_NAME)";
				SWIFT_EMIT_LOC_STRINGS = NO;
				SWIFT_VERSION = 5.0;
				TARGETED_DEVICE_FAMILY = "1,2";
				TEST_TARGET_NAME = ERA;
			};
			name = Debug;
		};
		405802FA2E4C31D7001D642B /* Release */ = {
			isa = XCBuildConfiguration;
			buildSettings = {
				CODE_SIGN_STYLE = Automatic;
				CURRENT_PROJECT_VERSION = 1;
				DEVELOPMENT_TEAM = N7AL96QZCQ;
				GENERATE_INFOPLIST_FILE = YES;
				MARKETING_VERSION = 1.0;
				PRODUCT_BUNDLE_IDENTIFIER = saucedesigns.ERAUITests;
				PRODUCT_NAME = "$(TARGET_NAME)";
				SWIFT_EMIT_LOC_STRINGS = NO;
				SWIFT_VERSION = 5.0;
				TARGETED_DEVICE_FAMILY = "1,2";
				TEST_TARGET_NAME = ERA;
			};
			name = Release;
		};
/* End XCBuildConfiguration section */

/* Begin XCConfigurationList section */
		405802CC2E4C31D6001D642B /* Build configuration list for PBXProject "ERA" */ = {
			isa = XCConfigurationList;
			buildConfigurations = (
				405802F02E4C31D7001D642B /* Debug */,
				405802F12E4C31D7001D642B /* Release */,
			);
			defaultConfigurationIsVisible = 0;
			defaultConfigurationName = Release;
		};
		405802F22E4C31D7001D642B /* Build configuration list for PBXNativeTarget "ERA" */ = {
			isa = XCConfigurationList;
			buildConfigurations = (
				405802F32E4C31D7001D642B /* Debug */,
				405802F42E4C31D7001D642B /* Release */,
			);
			defaultConfigurationIsVisible = 0;
			defaultConfigurationName = Release;
		};
		405802F52E4C31D7001D642B /* Build configuration list for PBXNativeTarget "ERATests" */ = {
			isa = XCConfigurationList;
			buildConfigurations = (
				405802F62E4C31D7001D642B /* Debug */,
				405802F72E4C31D7001D642B /* Release */,
			);
			defaultConfigurationIsVisible = 0;
			defaultConfigurationName = Release;
		};
		405802F82E4C31D7001D642B /* Build configuration list for PBXNativeTarget "ERAUITests" */ = {
			isa = XCConfigurationList;
			buildConfigurations = (
				405802F92E4C31D7001D642B /* Debug */,
				405802FA2E4C31D7001D642B /* Release */,
			);
			defaultConfigurationIsVisible = 0;
			defaultConfigurationName = Release;
		};
/* End XCConfigurationList section */

/* Begin XCRemoteSwiftPackageReference section */
		2B8A822C2E8EDAF80032950E /* XCRemoteSwiftPackageReference "purchases-ios" */ = {
			isa = XCRemoteSwiftPackageReference;
			repositoryURL = "https://github.com/RevenueCat/purchases-ios";
			requirement = {
				kind = upToNextMajorVersion;
				minimumVersion = 5.41.0;
			};
		};
/* End XCRemoteSwiftPackageReference section */

/* Begin XCSwiftPackageProductDependency section */
		2B8A822D2E8EDAF80032950E /* RevenueCat */ = {
			isa = XCSwiftPackageProductDependency;
			package = 2B8A822C2E8EDAF80032950E /* XCRemoteSwiftPackageReference "purchases-ios" */;
			productName = RevenueCat;
		};
/* End XCSwiftPackageProductDependency section */
	};
	rootObject = 405802C92E4C31D6001D642B /* Project object */;
}
